// !$*UTF8*$!
{
	archiveVersion = 1;
	classes = {
	};
	objectVersion = 46;
	objects = {

/* Begin PBXBuildFile section */
		8D40159B16AE464800C4F95D /* METabBarView.xib in Resources */ = {isa = PBXBuildFile; fileRef = 8D40159A16AE464800C4F95D /* METabBarView.xib */; };
		8D40159E16AE468500C4F95D /* METabBarView.m in Sources */ = {isa = PBXBuildFile; fileRef = 8D40159D16AE468500C4F95D /* METabBarView.m */; };
		8D4015B116AE756D00C4F95D /* icon_contacts_selected.png in Resources */ = {isa = PBXBuildFile; fileRef = 8D4015AD16AE756D00C4F95D /* icon_contacts_selected.png */; };
		8D4015B216AE756D00C4F95D /* icon_contacts_selected@2x.png in Resources */ = {isa = PBXBuildFile; fileRef = 8D4015AE16AE756D00C4F95D /* icon_contacts_selected@2x.png */; };
		8D4015B316AE756D00C4F95D /* icon_info_selected.png in Resources */ = {isa = PBXBuildFile; fileRef = 8D4015AF16AE756D00C4F95D /* icon_info_selected.png */; };
		8D4015B416AE756D00C4F95D /* icon_info_selected@2x.png in Resources */ = {isa = PBXBuildFile; fileRef = 8D4015B016AE756D00C4F95D /* icon_info_selected@2x.png */; };
		8D4015C316AE823800C4F95D /* UIScrollView+SVInfiniteScrolling.m in Sources */ = {isa = PBXBuildFile; fileRef = 8D4015C016AE823800C4F95D /* UIScrollView+SVInfiniteScrolling.m */; };
		8D4015C416AE823800C4F95D /* UIScrollView+SVPullToRefresh.m in Sources */ = {isa = PBXBuildFile; fileRef = 8D4015C216AE823800C4F95D /* UIScrollView+SVPullToRefresh.m */; };
		8D4015C616AE834200C4F95D /* QuartzCore.framework in Frameworks */ = {isa = PBXBuildFile; fileRef = 8D4015C516AE834200C4F95D /* QuartzCore.framework */; };
		8D94736416ACE0B40005F25D /* UIKit.framework in Frameworks */ = {isa = PBXBuildFile; fileRef = 8D94736316ACE0B40005F25D /* UIKit.framework */; };
		8D94736616ACE0B40005F25D /* Foundation.framework in Frameworks */ = {isa = PBXBuildFile; fileRef = 8D94736516ACE0B40005F25D /* Foundation.framework */; };
		8D94736816ACE0B40005F25D /* CoreGraphics.framework in Frameworks */ = {isa = PBXBuildFile; fileRef = 8D94736716ACE0B40005F25D /* CoreGraphics.framework */; };
		8D94736E16ACE0B40005F25D /* InfoPlist.strings in Resources */ = {isa = PBXBuildFile; fileRef = 8D94736C16ACE0B40005F25D /* InfoPlist.strings */; };
		8D94737016ACE0B50005F25D /* main.m in Sources */ = {isa = PBXBuildFile; fileRef = 8D94736F16ACE0B50005F25D /* main.m */; };
		8D94737416ACE0B50005F25D /* MEAppDelegate.m in Sources */ = {isa = PBXBuildFile; fileRef = 8D94737316ACE0B50005F25D /* MEAppDelegate.m */; };
		8D94737616ACE0B50005F25D /* Default.png in Resources */ = {isa = PBXBuildFile; fileRef = 8D94737516ACE0B50005F25D /* Default.png */; };
		8D94737816ACE0B50005F25D /* Default@2x.png in Resources */ = {isa = PBXBuildFile; fileRef = 8D94737716ACE0B50005F25D /* Default@2x.png */; };
		8D94737A16ACE0B50005F25D /* Default-568h@2x.png in Resources */ = {isa = PBXBuildFile; fileRef = 8D94737916ACE0B50005F25D /* Default-568h@2x.png */; };
		8D94737D16ACE0B50005F25D /* MainStoryboard_iPhone.storyboard in Resources */ = {isa = PBXBuildFile; fileRef = 8D94737B16ACE0B50005F25D /* MainStoryboard_iPhone.storyboard */; };
		8D94738016ACE0B50005F25D /* MainStoryboard_iPad.storyboard in Resources */ = {isa = PBXBuildFile; fileRef = 8D94737E16ACE0B50005F25D /* MainStoryboard_iPad.storyboard */; };
		8D94738A16ACE0B50005F25D /* MEStaffViewController.m in Sources */ = {isa = PBXBuildFile; fileRef = 8D94738916ACE0B50005F25D /* MEStaffViewController.m */; };
		8D9473AC16ACE1550005F25D /* AFHTTPClient.m in Sources */ = {isa = PBXBuildFile; fileRef = 8D94739A16ACE1550005F25D /* AFHTTPClient.m */; };
		8D9473AD16ACE1550005F25D /* AFHTTPRequestOperation.m in Sources */ = {isa = PBXBuildFile; fileRef = 8D94739C16ACE1550005F25D /* AFHTTPRequestOperation.m */; };
		8D9473AE16ACE1550005F25D /* AFImageRequestOperation.m in Sources */ = {isa = PBXBuildFile; fileRef = 8D94739E16ACE1550005F25D /* AFImageRequestOperation.m */; };
		8D9473AF16ACE1550005F25D /* AFJSONRequestOperation.m in Sources */ = {isa = PBXBuildFile; fileRef = 8D9473A016ACE1550005F25D /* AFJSONRequestOperation.m */; };
		8D9473B016ACE1550005F25D /* AFNetworkActivityIndicatorManager.m in Sources */ = {isa = PBXBuildFile; fileRef = 8D9473A216ACE1550005F25D /* AFNetworkActivityIndicatorManager.m */; };
		8D9473B116ACE1550005F25D /* AFPropertyListRequestOperation.m in Sources */ = {isa = PBXBuildFile; fileRef = 8D9473A516ACE1550005F25D /* AFPropertyListRequestOperation.m */; };
		8D9473B216ACE1550005F25D /* AFURLConnectionOperation.m in Sources */ = {isa = PBXBuildFile; fileRef = 8D9473A716ACE1550005F25D /* AFURLConnectionOperation.m */; };
		8D9473B316ACE1550005F25D /* AFXMLRequestOperation.m in Sources */ = {isa = PBXBuildFile; fileRef = 8D9473A916ACE1550005F25D /* AFXMLRequestOperation.m */; };
		8D9473B416ACE1550005F25D /* UIImageView+AFNetworking.m in Sources */ = {isa = PBXBuildFile; fileRef = 8D9473AB16ACE1550005F25D /* UIImageView+AFNetworking.m */; };
		8D9473B716ACE17A0005F25D /* MEEmployee.m in Sources */ = {isa = PBXBuildFile; fileRef = 8D9473B616ACE17A0005F25D /* MEEmployee.m */; };
		8D9473C416ACE5350005F25D /* MEStaffAPIClient.m in Sources */ = {isa = PBXBuildFile; fileRef = 8D9473C316ACE5350005F25D /* MEStaffAPIClient.m */; };
		8D9473CA16ACE63F0005F25D /* MEConstants.m in Sources */ = {isa = PBXBuildFile; fileRef = 8D9473C916ACE63F0005F25D /* MEConstants.m */; };
		8D9473D116ACF0960005F25D /* JSONKit.m in Sources */ = {isa = PBXBuildFile; fileRef = 8D9473D016ACF0960005F25D /* JSONKit.m */; settings = {COMPILER_FLAGS = "-fno-objc-arc"; }; };
		8D9473D716ACF7A70005F25D /* MEStaffDetailViewController.m in Sources */ = {isa = PBXBuildFile; fileRef = 8D9473D616ACF7A70005F25D /* MEStaffDetailViewController.m */; };
		8D9473E316AD011C0005F25D /* MELeftImageSubtitleListCell.m in Sources */ = {isa = PBXBuildFile; fileRef = 8D9473E216AD011C0005F25D /* MELeftImageSubtitleListCell.m */; };
		8D9473F116AD2D190005F25D /* MECompanyViewController.m in Sources */ = {isa = PBXBuildFile; fileRef = 8D9473F016AD2D190005F25D /* MECompanyViewController.m */; };
		8D9473F616AE20FE0005F25D /* icon_contacts.png in Resources */ = {isa = PBXBuildFile; fileRef = 8D9473F216AE20FE0005F25D /* icon_contacts.png */; };
		8D9473F716AE20FE0005F25D /* icon_contacts@2x.png in Resources */ = {isa = PBXBuildFile; fileRef = 8D9473F316AE20FE0005F25D /* icon_contacts@2x.png */; };
		8D9473F816AE20FE0005F25D /* icon_info.png in Resources */ = {isa = PBXBuildFile; fileRef = 8D9473F416AE20FE0005F25D /* icon_info.png */; };
		8D9473F916AE20FE0005F25D /* icon_info@2x.png in Resources */ = {isa = PBXBuildFile; fileRef = 8D9473F516AE20FE0005F25D /* icon_info@2x.png */; };
		8D9473FC16AE39600005F25D /* middle_button.png in Resources */ = {isa = PBXBuildFile; fileRef = 8D9473FA16AE39600005F25D /* middle_button.png */; };
		8D9473FD16AE39600005F25D /* middle_button@2x.png in Resources */ = {isa = PBXBuildFile; fileRef = 8D9473FB16AE39600005F25D /* middle_button@2x.png */; };
		8D94740016AE3BAA0005F25D /* METabBarController.m in Sources */ = {isa = PBXBuildFile; fileRef = 8D9473FF16AE3BAA0005F25D /* METabBarController.m */; };
		C295E6B616B036240049CBCF /* icon_add_contact.png in Resources */ = {isa = PBXBuildFile; fileRef = C295E6A616B036240049CBCF /* icon_add_contact.png */; };
		C295E6B716B036240049CBCF /* icon_add_contact@2x.png in Resources */ = {isa = PBXBuildFile; fileRef = C295E6A716B036240049CBCF /* icon_add_contact@2x.png */; };
		C295E6B816B036240049CBCF /* icon_back.png in Resources */ = {isa = PBXBuildFile; fileRef = C295E6A816B036240049CBCF /* icon_back.png */; };
		C295E6B916B036240049CBCF /* icon_back@2x.png in Resources */ = {isa = PBXBuildFile; fileRef = C295E6A916B036240049CBCF /* icon_back@2x.png */; };
		C295E6BA16B036240049CBCF /* icon_dislike.png in Resources */ = {isa = PBXBuildFile; fileRef = C295E6AA16B036240049CBCF /* icon_dislike.png */; };
		C295E6BB16B036240049CBCF /* icon_dislike@2x.png in Resources */ = {isa = PBXBuildFile; fileRef = C295E6AB16B036240049CBCF /* icon_dislike@2x.png */; };
		C295E6BC16B036240049CBCF /* icon_email.png in Resources */ = {isa = PBXBuildFile; fileRef = C295E6AC16B036240049CBCF /* icon_email.png */; };
		C295E6BD16B036240049CBCF /* icon_email@2x.png in Resources */ = {isa = PBXBuildFile; fileRef = C295E6AD16B036240049CBCF /* icon_email@2x.png */; };
		C295E6BE16B036240049CBCF /* icon_like.png in Resources */ = {isa = PBXBuildFile; fileRef = C295E6AE16B036240049CBCF /* icon_like.png */; };
		C295E6BF16B036240049CBCF /* icon_like@2x.png in Resources */ = {isa = PBXBuildFile; fileRef = C295E6AF16B036240049CBCF /* icon_like@2x.png */; };
		C295E6C016B036240049CBCF /* icon_profile.png in Resources */ = {isa = PBXBuildFile; fileRef = C295E6B016B036240049CBCF /* icon_profile.png */; };
		C295E6C116B036240049CBCF /* icon_profile@2x.png in Resources */ = {isa = PBXBuildFile; fileRef = C295E6B116B036240049CBCF /* icon_profile@2x.png */; };
		C295E6C216B036240049CBCF /* icon_sms.png in Resources */ = {isa = PBXBuildFile; fileRef = C295E6B216B036240049CBCF /* icon_sms.png */; };
		C295E6C316B036240049CBCF /* icon_sms@2x.png in Resources */ = {isa = PBXBuildFile; fileRef = C295E6B316B036240049CBCF /* icon_sms@2x.png */; };
		C295E6C416B036240049CBCF /* icon_star.png in Resources */ = {isa = PBXBuildFile; fileRef = C295E6B416B036240049CBCF /* icon_star.png */; };
		C295E6C516B036240049CBCF /* icon_star@2x.png in Resources */ = {isa = PBXBuildFile; fileRef = C295E6B516B036240049CBCF /* icon_star@2x.png */; };
		C295E6C916B0364E0049CBCF /* MELeftImageRightDetailCell.m in Sources */ = {isa = PBXBuildFile; fileRef = C295E6C816B0364E0049CBCF /* MELeftImageRightDetailCell.m */; };
/* End PBXBuildFile section */

/* Begin PBXFileReference section */
		8D40159A16AE464800C4F95D /* METabBarView.xib */ = {isa = PBXFileReference; fileEncoding = 4; lastKnownFileType = file.xib; path = METabBarView.xib; sourceTree = "<group>"; };
		8D40159C16AE468500C4F95D /* METabBarView.h */ = {isa = PBXFileReference; fileEncoding = 4; lastKnownFileType = sourcecode.c.h; path = METabBarView.h; sourceTree = "<group>"; };
		8D40159D16AE468500C4F95D /* METabBarView.m */ = {isa = PBXFileReference; fileEncoding = 4; lastKnownFileType = sourcecode.c.objc; path = METabBarView.m; sourceTree = "<group>"; };
		8D4015AD16AE756D00C4F95D /* icon_contacts_selected.png */ = {isa = PBXFileReference; lastKnownFileType = image.png; path = icon_contacts_selected.png; sourceTree = "<group>"; };
		8D4015AE16AE756D00C4F95D /* icon_contacts_selected@2x.png */ = {isa = PBXFileReference; lastKnownFileType = image.png; path = "icon_contacts_selected@2x.png"; sourceTree = "<group>"; };
		8D4015AF16AE756D00C4F95D /* icon_info_selected.png */ = {isa = PBXFileReference; lastKnownFileType = image.png; path = icon_info_selected.png; sourceTree = "<group>"; };
		8D4015B016AE756D00C4F95D /* icon_info_selected@2x.png */ = {isa = PBXFileReference; lastKnownFileType = image.png; path = "icon_info_selected@2x.png"; sourceTree = "<group>"; };
		8D4015BE16AE823800C4F95D /* SVPullToRefresh.h */ = {isa = PBXFileReference; fileEncoding = 4; lastKnownFileType = sourcecode.c.h; path = SVPullToRefresh.h; sourceTree = "<group>"; };
		8D4015BF16AE823800C4F95D /* UIScrollView+SVInfiniteScrolling.h */ = {isa = PBXFileReference; fileEncoding = 4; lastKnownFileType = sourcecode.c.h; path = "UIScrollView+SVInfiniteScrolling.h"; sourceTree = "<group>"; };
		8D4015C016AE823800C4F95D /* UIScrollView+SVInfiniteScrolling.m */ = {isa = PBXFileReference; fileEncoding = 4; lastKnownFileType = sourcecode.c.objc; path = "UIScrollView+SVInfiniteScrolling.m"; sourceTree = "<group>"; };
		8D4015C116AE823800C4F95D /* UIScrollView+SVPullToRefresh.h */ = {isa = PBXFileReference; fileEncoding = 4; lastKnownFileType = sourcecode.c.h; path = "UIScrollView+SVPullToRefresh.h"; sourceTree = "<group>"; };
		8D4015C216AE823800C4F95D /* UIScrollView+SVPullToRefresh.m */ = {isa = PBXFileReference; fileEncoding = 4; lastKnownFileType = sourcecode.c.objc; path = "UIScrollView+SVPullToRefresh.m"; sourceTree = "<group>"; };
		8D4015C516AE834200C4F95D /* QuartzCore.framework */ = {isa = PBXFileReference; lastKnownFileType = wrapper.framework; name = QuartzCore.framework; path = System/Library/Frameworks/QuartzCore.framework; sourceTree = SDKROOT; };
		8D94735F16ACE0B40005F25D /* MiniEvaluationApp.app */ = {isa = PBXFileReference; explicitFileType = wrapper.application; includeInIndex = 0; path = MiniEvaluationApp.app; sourceTree = BUILT_PRODUCTS_DIR; };
		8D94736316ACE0B40005F25D /* UIKit.framework */ = {isa = PBXFileReference; lastKnownFileType = wrapper.framework; name = UIKit.framework; path = System/Library/Frameworks/UIKit.framework; sourceTree = SDKROOT; };
		8D94736516ACE0B40005F25D /* Foundation.framework */ = {isa = PBXFileReference; lastKnownFileType = wrapper.framework; name = Foundation.framework; path = System/Library/Frameworks/Foundation.framework; sourceTree = SDKROOT; };
		8D94736716ACE0B40005F25D /* CoreGraphics.framework */ = {isa = PBXFileReference; lastKnownFileType = wrapper.framework; name = CoreGraphics.framework; path = System/Library/Frameworks/CoreGraphics.framework; sourceTree = SDKROOT; };
		8D94736B16ACE0B40005F25D /* MiniEvaluationApp-Info.plist */ = {isa = PBXFileReference; lastKnownFileType = text.plist.xml; path = "MiniEvaluationApp-Info.plist"; sourceTree = "<group>"; };
		8D94736D16ACE0B40005F25D /* en */ = {isa = PBXFileReference; lastKnownFileType = text.plist.strings; name = en; path = en.lproj/InfoPlist.strings; sourceTree = "<group>"; };
		8D94736F16ACE0B50005F25D /* main.m */ = {isa = PBXFileReference; lastKnownFileType = sourcecode.c.objc; path = main.m; sourceTree = "<group>"; };
		8D94737116ACE0B50005F25D /* MiniEvaluationApp-Prefix.pch */ = {isa = PBXFileReference; lastKnownFileType = sourcecode.c.h; path = "MiniEvaluationApp-Prefix.pch"; sourceTree = "<group>"; };
		8D94737216ACE0B50005F25D /* MEAppDelegate.h */ = {isa = PBXFileReference; lastKnownFileType = sourcecode.c.h; path = MEAppDelegate.h; sourceTree = "<group>"; };
		8D94737316ACE0B50005F25D /* MEAppDelegate.m */ = {isa = PBXFileReference; lastKnownFileType = sourcecode.c.objc; path = MEAppDelegate.m; sourceTree = "<group>"; };
		8D94737516ACE0B50005F25D /* Default.png */ = {isa = PBXFileReference; lastKnownFileType = image.png; path = Default.png; sourceTree = "<group>"; };
		8D94737716ACE0B50005F25D /* Default@2x.png */ = {isa = PBXFileReference; lastKnownFileType = image.png; path = "Default@2x.png"; sourceTree = "<group>"; };
		8D94737916ACE0B50005F25D /* Default-568h@2x.png */ = {isa = PBXFileReference; lastKnownFileType = image.png; path = "Default-568h@2x.png"; sourceTree = "<group>"; };
		8D94737C16ACE0B50005F25D /* en */ = {isa = PBXFileReference; lastKnownFileType = file.storyboard; name = en; path = en.lproj/MainStoryboard_iPhone.storyboard; sourceTree = "<group>"; };
		8D94737F16ACE0B50005F25D /* en */ = {isa = PBXFileReference; lastKnownFileType = file.storyboard; name = en; path = en.lproj/MainStoryboard_iPad.storyboard; sourceTree = "<group>"; };
		8D94738816ACE0B50005F25D /* MEStaffViewController.h */ = {isa = PBXFileReference; lastKnownFileType = sourcecode.c.h; path = MEStaffViewController.h; sourceTree = "<group>"; };
		8D94738916ACE0B50005F25D /* MEStaffViewController.m */ = {isa = PBXFileReference; lastKnownFileType = sourcecode.c.objc; path = MEStaffViewController.m; sourceTree = "<group>"; };
		8D94739916ACE1550005F25D /* AFHTTPClient.h */ = {isa = PBXFileReference; fileEncoding = 4; lastKnownFileType = sourcecode.c.h; path = AFHTTPClient.h; sourceTree = "<group>"; };
		8D94739A16ACE1550005F25D /* AFHTTPClient.m */ = {isa = PBXFileReference; fileEncoding = 4; lastKnownFileType = sourcecode.c.objc; path = AFHTTPClient.m; sourceTree = "<group>"; };
		8D94739B16ACE1550005F25D /* AFHTTPRequestOperation.h */ = {isa = PBXFileReference; fileEncoding = 4; lastKnownFileType = sourcecode.c.h; path = AFHTTPRequestOperation.h; sourceTree = "<group>"; };
		8D94739C16ACE1550005F25D /* AFHTTPRequestOperation.m */ = {isa = PBXFileReference; fileEncoding = 4; lastKnownFileType = sourcecode.c.objc; path = AFHTTPRequestOperation.m; sourceTree = "<group>"; };
		8D94739D16ACE1550005F25D /* AFImageRequestOperation.h */ = {isa = PBXFileReference; fileEncoding = 4; lastKnownFileType = sourcecode.c.h; path = AFImageRequestOperation.h; sourceTree = "<group>"; };
		8D94739E16ACE1550005F25D /* AFImageRequestOperation.m */ = {isa = PBXFileReference; fileEncoding = 4; lastKnownFileType = sourcecode.c.objc; path = AFImageRequestOperation.m; sourceTree = "<group>"; };
		8D94739F16ACE1550005F25D /* AFJSONRequestOperation.h */ = {isa = PBXFileReference; fileEncoding = 4; lastKnownFileType = sourcecode.c.h; path = AFJSONRequestOperation.h; sourceTree = "<group>"; };
		8D9473A016ACE1550005F25D /* AFJSONRequestOperation.m */ = {isa = PBXFileReference; fileEncoding = 4; lastKnownFileType = sourcecode.c.objc; path = AFJSONRequestOperation.m; sourceTree = "<group>"; };
		8D9473A116ACE1550005F25D /* AFNetworkActivityIndicatorManager.h */ = {isa = PBXFileReference; fileEncoding = 4; lastKnownFileType = sourcecode.c.h; path = AFNetworkActivityIndicatorManager.h; sourceTree = "<group>"; };
		8D9473A216ACE1550005F25D /* AFNetworkActivityIndicatorManager.m */ = {isa = PBXFileReference; fileEncoding = 4; lastKnownFileType = sourcecode.c.objc; path = AFNetworkActivityIndicatorManager.m; sourceTree = "<group>"; };
		8D9473A316ACE1550005F25D /* AFNetworking.h */ = {isa = PBXFileReference; fileEncoding = 4; lastKnownFileType = sourcecode.c.h; path = AFNetworking.h; sourceTree = "<group>"; };
		8D9473A416ACE1550005F25D /* AFPropertyListRequestOperation.h */ = {isa = PBXFileReference; fileEncoding = 4; lastKnownFileType = sourcecode.c.h; path = AFPropertyListRequestOperation.h; sourceTree = "<group>"; };
		8D9473A516ACE1550005F25D /* AFPropertyListRequestOperation.m */ = {isa = PBXFileReference; fileEncoding = 4; lastKnownFileType = sourcecode.c.objc; path = AFPropertyListRequestOperation.m; sourceTree = "<group>"; };
		8D9473A616ACE1550005F25D /* AFURLConnectionOperation.h */ = {isa = PBXFileReference; fileEncoding = 4; lastKnownFileType = sourcecode.c.h; path = AFURLConnectionOperation.h; sourceTree = "<group>"; };
		8D9473A716ACE1550005F25D /* AFURLConnectionOperation.m */ = {isa = PBXFileReference; fileEncoding = 4; lastKnownFileType = sourcecode.c.objc; path = AFURLConnectionOperation.m; sourceTree = "<group>"; };
		8D9473A816ACE1550005F25D /* AFXMLRequestOperation.h */ = {isa = PBXFileReference; fileEncoding = 4; lastKnownFileType = sourcecode.c.h; path = AFXMLRequestOperation.h; sourceTree = "<group>"; };
		8D9473A916ACE1550005F25D /* AFXMLRequestOperation.m */ = {isa = PBXFileReference; fileEncoding = 4; lastKnownFileType = sourcecode.c.objc; path = AFXMLRequestOperation.m; sourceTree = "<group>"; };
		8D9473AA16ACE1550005F25D /* UIImageView+AFNetworking.h */ = {isa = PBXFileReference; fileEncoding = 4; lastKnownFileType = sourcecode.c.h; path = "UIImageView+AFNetworking.h"; sourceTree = "<group>"; };
		8D9473AB16ACE1550005F25D /* UIImageView+AFNetworking.m */ = {isa = PBXFileReference; fileEncoding = 4; lastKnownFileType = sourcecode.c.objc; path = "UIImageView+AFNetworking.m"; sourceTree = "<group>"; };
		8D9473B516ACE17A0005F25D /* MEEmployee.h */ = {isa = PBXFileReference; fileEncoding = 4; lastKnownFileType = sourcecode.c.h; path = MEEmployee.h; sourceTree = "<group>"; };
		8D9473B616ACE17A0005F25D /* MEEmployee.m */ = {isa = PBXFileReference; fileEncoding = 4; lastKnownFileType = sourcecode.c.objc; path = MEEmployee.m; sourceTree = "<group>"; };
		8D9473C216ACE5350005F25D /* MEStaffAPIClient.h */ = {isa = PBXFileReference; fileEncoding = 4; lastKnownFileType = sourcecode.c.h; path = MEStaffAPIClient.h; sourceTree = "<group>"; };
		8D9473C316ACE5350005F25D /* MEStaffAPIClient.m */ = {isa = PBXFileReference; fileEncoding = 4; lastKnownFileType = sourcecode.c.objc; path = MEStaffAPIClient.m; sourceTree = "<group>"; };
		8D9473C816ACE63F0005F25D /* MEConstants.h */ = {isa = PBXFileReference; fileEncoding = 4; lastKnownFileType = sourcecode.c.h; path = MEConstants.h; sourceTree = "<group>"; };
		8D9473C916ACE63F0005F25D /* MEConstants.m */ = {isa = PBXFileReference; fileEncoding = 4; lastKnownFileType = sourcecode.c.objc; path = MEConstants.m; sourceTree = "<group>"; };
		8D9473CF16ACF0960005F25D /* JSONKit.h */ = {isa = PBXFileReference; fileEncoding = 4; lastKnownFileType = sourcecode.c.h; path = JSONKit.h; sourceTree = "<group>"; };
		8D9473D016ACF0960005F25D /* JSONKit.m */ = {isa = PBXFileReference; fileEncoding = 4; lastKnownFileType = sourcecode.c.objc; path = JSONKit.m; sourceTree = "<group>"; };
		8D9473D516ACF7A60005F25D /* MEStaffDetailViewController.h */ = {isa = PBXFileReference; fileEncoding = 4; lastKnownFileType = sourcecode.c.h; path = MEStaffDetailViewController.h; sourceTree = "<group>"; };
		8D9473D616ACF7A70005F25D /* MEStaffDetailViewController.m */ = {isa = PBXFileReference; fileEncoding = 4; lastKnownFileType = sourcecode.c.objc; path = MEStaffDetailViewController.m; sourceTree = "<group>"; };
		8D9473DD16ACFB360005F25D /* JSONKit.m */ = {isa = PBXFileReference; lastKnownFileType = sourcecode.c.objc; path = JSONKit.m; sourceTree = "<group>"; };
		8D9473E116AD011C0005F25D /* MELeftImageSubtitleListCell.h */ = {isa = PBXFileReference; fileEncoding = 4; lastKnownFileType = sourcecode.c.h; path = MELeftImageSubtitleListCell.h; sourceTree = "<group>"; };
		8D9473E216AD011C0005F25D /* MELeftImageSubtitleListCell.m */ = {isa = PBXFileReference; fileEncoding = 4; lastKnownFileType = sourcecode.c.objc; path = MELeftImageSubtitleListCell.m; sourceTree = "<group>"; };
		8D9473EF16AD2D190005F25D /* MECompanyViewController.h */ = {isa = PBXFileReference; fileEncoding = 4; lastKnownFileType = sourcecode.c.h; path = MECompanyViewController.h; sourceTree = "<group>"; };
		8D9473F016AD2D190005F25D /* MECompanyViewController.m */ = {isa = PBXFileReference; fileEncoding = 4; lastKnownFileType = sourcecode.c.objc; path = MECompanyViewController.m; sourceTree = "<group>"; };
		8D9473F216AE20FE0005F25D /* icon_contacts.png */ = {isa = PBXFileReference; lastKnownFileType = image.png; path = icon_contacts.png; sourceTree = "<group>"; };
		8D9473F316AE20FE0005F25D /* icon_contacts@2x.png */ = {isa = PBXFileReference; lastKnownFileType = image.png; path = "icon_contacts@2x.png"; sourceTree = "<group>"; };
		8D9473F416AE20FE0005F25D /* icon_info.png */ = {isa = PBXFileReference; lastKnownFileType = image.png; path = icon_info.png; sourceTree = "<group>"; };
		8D9473F516AE20FE0005F25D /* icon_info@2x.png */ = {isa = PBXFileReference; lastKnownFileType = image.png; path = "icon_info@2x.png"; sourceTree = "<group>"; };
		8D9473FA16AE39600005F25D /* middle_button.png */ = {isa = PBXFileReference; lastKnownFileType = image.png; path = middle_button.png; sourceTree = "<group>"; };
		8D9473FB16AE39600005F25D /* middle_button@2x.png */ = {isa = PBXFileReference; lastKnownFileType = image.png; path = "middle_button@2x.png"; sourceTree = "<group>"; };
		8D9473FE16AE3BAA0005F25D /* METabBarController.h */ = {isa = PBXFileReference; fileEncoding = 4; lastKnownFileType = sourcecode.c.h; path = METabBarController.h; sourceTree = "<group>"; };
		8D9473FF16AE3BAA0005F25D /* METabBarController.m */ = {isa = PBXFileReference; fileEncoding = 4; lastKnownFileType = sourcecode.c.objc; path = METabBarController.m; sourceTree = "<group>"; };
		C295E6A616B036240049CBCF /* icon_add_contact.png */ = {isa = PBXFileReference; lastKnownFileType = image.png; path = icon_add_contact.png; sourceTree = "<group>"; };
		C295E6A716B036240049CBCF /* icon_add_contact@2x.png */ = {isa = PBXFileReference; lastKnownFileType = image.png; path = "icon_add_contact@2x.png"; sourceTree = "<group>"; };
		C295E6A816B036240049CBCF /* icon_back.png */ = {isa = PBXFileReference; lastKnownFileType = image.png; path = icon_back.png; sourceTree = "<group>"; };
		C295E6A916B036240049CBCF /* icon_back@2x.png */ = {isa = PBXFileReference; lastKnownFileType = image.png; path = "icon_back@2x.png"; sourceTree = "<group>"; };
		C295E6AA16B036240049CBCF /* icon_dislike.png */ = {isa = PBXFileReference; lastKnownFileType = image.png; path = icon_dislike.png; sourceTree = "<group>"; };
		C295E6AB16B036240049CBCF /* icon_dislike@2x.png */ = {isa = PBXFileReference; lastKnownFileType = image.png; path = "icon_dislike@2x.png"; sourceTree = "<group>"; };
		C295E6AC16B036240049CBCF /* icon_email.png */ = {isa = PBXFileReference; lastKnownFileType = image.png; path = icon_email.png; sourceTree = "<group>"; };
		C295E6AD16B036240049CBCF /* icon_email@2x.png */ = {isa = PBXFileReference; lastKnownFileType = image.png; path = "icon_email@2x.png"; sourceTree = "<group>"; };
		C295E6AE16B036240049CBCF /* icon_like.png */ = {isa = PBXFileReference; lastKnownFileType = image.png; path = icon_like.png; sourceTree = "<group>"; };
		C295E6AF16B036240049CBCF /* icon_like@2x.png */ = {isa = PBXFileReference; lastKnownFileType = image.png; path = "icon_like@2x.png"; sourceTree = "<group>"; };
		C295E6B016B036240049CBCF /* icon_profile.png */ = {isa = PBXFileReference; lastKnownFileType = image.png; path = icon_profile.png; sourceTree = "<group>"; };
		C295E6B116B036240049CBCF /* icon_profile@2x.png */ = {isa = PBXFileReference; lastKnownFileType = image.png; path = "icon_profile@2x.png"; sourceTree = "<group>"; };
		C295E6B216B036240049CBCF /* icon_sms.png */ = {isa = PBXFileReference; lastKnownFileType = image.png; path = icon_sms.png; sourceTree = "<group>"; };
		C295E6B316B036240049CBCF /* icon_sms@2x.png */ = {isa = PBXFileReference; lastKnownFileType = image.png; path = "icon_sms@2x.png"; sourceTree = "<group>"; };
		C295E6B416B036240049CBCF /* icon_star.png */ = {isa = PBXFileReference; lastKnownFileType = image.png; path = icon_star.png; sourceTree = "<group>"; };
		C295E6B516B036240049CBCF /* icon_star@2x.png */ = {isa = PBXFileReference; lastKnownFileType = image.png; path = "icon_star@2x.png"; sourceTree = "<group>"; };
		C295E6C716B0364E0049CBCF /* MELeftImageRightDetailCell.h */ = {isa = PBXFileReference; fileEncoding = 4; lastKnownFileType = sourcecode.c.h; path = MELeftImageRightDetailCell.h; sourceTree = "<group>"; };
		C295E6C816B0364E0049CBCF /* MELeftImageRightDetailCell.m */ = {isa = PBXFileReference; fileEncoding = 4; lastKnownFileType = sourcecode.c.objc; path = MELeftImageRightDetailCell.m; sourceTree = "<group>"; };
/* End PBXFileReference section */

/* Begin PBXFrameworksBuildPhase section */
		8D94735C16ACE0B40005F25D /* Frameworks */ = {
			isa = PBXFrameworksBuildPhase;
			buildActionMask = 2147483647;
			files = (
				8D4015C616AE834200C4F95D /* QuartzCore.framework in Frameworks */,
				8D94736416ACE0B40005F25D /* UIKit.framework in Frameworks */,
				8D94736616ACE0B40005F25D /* Foundation.framework in Frameworks */,
				8D94736816ACE0B40005F25D /* CoreGraphics.framework in Frameworks */,
			);
			runOnlyForDeploymentPostprocessing = 0;
		};
/* End PBXFrameworksBuildPhase section */

/* Begin PBXGroup section */
		8D4015BD16AE823800C4F95D /* SVPullToRefresh */ = {
			isa = PBXGroup;
			children = (
				8D4015BE16AE823800C4F95D /* SVPullToRefresh.h */,
				8D4015BF16AE823800C4F95D /* UIScrollView+SVInfiniteScrolling.h */,
				8D4015C016AE823800C4F95D /* UIScrollView+SVInfiniteScrolling.m */,
				8D4015C116AE823800C4F95D /* UIScrollView+SVPullToRefresh.h */,
				8D4015C216AE823800C4F95D /* UIScrollView+SVPullToRefresh.m */,
			);
			path = SVPullToRefresh;
			sourceTree = "<group>";
		};
		8D94735416ACE0B40005F25D = {
			isa = PBXGroup;
			children = (
				8D94736916ACE0B40005F25D /* MiniEvaluationApp */,
				8D94736216ACE0B40005F25D /* Frameworks */,
				8D94736016ACE0B40005F25D /* Products */,
			);
			sourceTree = "<group>";
		};
		8D94736016ACE0B40005F25D /* Products */ = {
			isa = PBXGroup;
			children = (
				8D94735F16ACE0B40005F25D /* MiniEvaluationApp.app */,
			);
			name = Products;
			sourceTree = "<group>";
		};
		8D94736216ACE0B40005F25D /* Frameworks */ = {
			isa = PBXGroup;
			children = (
				8D4015C516AE834200C4F95D /* QuartzCore.framework */,
				8D94736316ACE0B40005F25D /* UIKit.framework */,
				8D94736516ACE0B40005F25D /* Foundation.framework */,
				8D94736716ACE0B40005F25D /* CoreGraphics.framework */,
			);
			name = Frameworks;
			sourceTree = "<group>";
		};
		8D94736916ACE0B40005F25D /* MiniEvaluationApp */ = {
			isa = PBXGroup;
			children = (
				8D94739716ACE0DC0005F25D /* Controller */,
				8D94739616ACE0D30005F25D /* Vendor */,
				8D94739516ACE0CC0005F25D /* View */,
				8D94739416ACE0C50005F25D /* Model */,
				8D94737216ACE0B50005F25D /* MEAppDelegate.h */,
				8D94737316ACE0B50005F25D /* MEAppDelegate.m */,
				8D9473EC16AD1A320005F25D /* Resource */,
				8D94737B16ACE0B50005F25D /* MainStoryboard_iPhone.storyboard */,
				8D94737E16ACE0B50005F25D /* MainStoryboard_iPad.storyboard */,
				8D94736A16ACE0B40005F25D /* Supporting Files */,
			);
			path = MiniEvaluationApp;
			sourceTree = "<group>";
		};
		8D94736A16ACE0B40005F25D /* Supporting Files */ = {
			isa = PBXGroup;
			children = (
				8D94736B16ACE0B40005F25D /* MiniEvaluationApp-Info.plist */,
				8D94736C16ACE0B40005F25D /* InfoPlist.strings */,
				8D94736F16ACE0B50005F25D /* main.m */,
				8D94737116ACE0B50005F25D /* MiniEvaluationApp-Prefix.pch */,
				8D94737516ACE0B50005F25D /* Default.png */,
				8D94737716ACE0B50005F25D /* Default@2x.png */,
				8D94737916ACE0B50005F25D /* Default-568h@2x.png */,
				8D9473C816ACE63F0005F25D /* MEConstants.h */,
				8D9473C916ACE63F0005F25D /* MEConstants.m */,
			);
			name = "Supporting Files";
			sourceTree = "<group>";
		};
		8D94739416ACE0C50005F25D /* Model */ = {
			isa = PBXGroup;
			children = (
				8D9473B516ACE17A0005F25D /* MEEmployee.h */,
				8D9473B616ACE17A0005F25D /* MEEmployee.m */,
				8D9473C216ACE5350005F25D /* MEStaffAPIClient.h */,
				8D9473C316ACE5350005F25D /* MEStaffAPIClient.m */,
			);
			name = Model;
			sourceTree = "<group>";
		};
		8D94739516ACE0CC0005F25D /* View */ = {
			isa = PBXGroup;
			children = (
				C295E6C716B0364E0049CBCF /* MELeftImageRightDetailCell.h */,
				C295E6C816B0364E0049CBCF /* MELeftImageRightDetailCell.m */,
				8D9473E116AD011C0005F25D /* MELeftImageSubtitleListCell.h */,
				8D9473E216AD011C0005F25D /* MELeftImageSubtitleListCell.m */,
				8D40159C16AE468500C4F95D /* METabBarView.h */,
				8D40159D16AE468500C4F95D /* METabBarView.m */,
			);
			name = View;
			sourceTree = "<group>";
		};
		8D94739616ACE0D30005F25D /* Vendor */ = {
			isa = PBXGroup;
			children = (
				8D4015BD16AE823800C4F95D /* SVPullToRefresh */,
				8D9473CE16ACF06C0005F25D /* JSONKit */,
				8D94739816ACE1550005F25D /* AFNetworking */,
			);
			name = Vendor;
			sourceTree = "<group>";
		};
		8D94739716ACE0DC0005F25D /* Controller */ = {
			isa = PBXGroup;
			children = (
				8D94738816ACE0B50005F25D /* MEStaffViewController.h */,
				8D94738916ACE0B50005F25D /* MEStaffViewController.m */,
				8D9473D516ACF7A60005F25D /* MEStaffDetailViewController.h */,
				8D9473D616ACF7A70005F25D /* MEStaffDetailViewController.m */,
				8D9473EF16AD2D190005F25D /* MECompanyViewController.h */,
				8D9473F016AD2D190005F25D /* MECompanyViewController.m */,
				8D9473FE16AE3BAA0005F25D /* METabBarController.h */,
				8D9473FF16AE3BAA0005F25D /* METabBarController.m */,
			);
			name = Controller;
			sourceTree = "<group>";
		};
		8D94739816ACE1550005F25D /* AFNetworking */ = {
			isa = PBXGroup;
			children = (
				8D94739916ACE1550005F25D /* AFHTTPClient.h */,
				8D94739A16ACE1550005F25D /* AFHTTPClient.m */,
				8D94739B16ACE1550005F25D /* AFHTTPRequestOperation.h */,
				8D94739C16ACE1550005F25D /* AFHTTPRequestOperation.m */,
				8D94739D16ACE1550005F25D /* AFImageRequestOperation.h */,
				8D94739E16ACE1550005F25D /* AFImageRequestOperation.m */,
				8D94739F16ACE1550005F25D /* AFJSONRequestOperation.h */,
				8D9473A016ACE1550005F25D /* AFJSONRequestOperation.m */,
				8D9473A116ACE1550005F25D /* AFNetworkActivityIndicatorManager.h */,
				8D9473A216ACE1550005F25D /* AFNetworkActivityIndicatorManager.m */,
				8D9473A316ACE1550005F25D /* AFNetworking.h */,
				8D9473A416ACE1550005F25D /* AFPropertyListRequestOperation.h */,
				8D9473A516ACE1550005F25D /* AFPropertyListRequestOperation.m */,
				8D9473A616ACE1550005F25D /* AFURLConnectionOperation.h */,
				8D9473A716ACE1550005F25D /* AFURLConnectionOperation.m */,
				8D9473A816ACE1550005F25D /* AFXMLRequestOperation.h */,
				8D9473A916ACE1550005F25D /* AFXMLRequestOperation.m */,
				8D9473AA16ACE1550005F25D /* UIImageView+AFNetworking.h */,
				8D9473AB16ACE1550005F25D /* UIImageView+AFNetworking.m */,
			);
			path = AFNetworking;
			sourceTree = "<group>";
		};
		8D9473CE16ACF06C0005F25D /* JSONKit */ = {
			isa = PBXGroup;
			children = (
				8D9473DD16ACFB360005F25D /* JSONKit.m */,
				8D9473CF16ACF0960005F25D /* JSONKit.h */,
				8D9473D016ACF0960005F25D /* JSONKit.m */,
			);
			name = JSONKit;
			sourceTree = "<group>";
		};
		8D9473EC16AD1A320005F25D /* Resource */ = {
			isa = PBXGroup;
			children = (
				C295E6A616B036240049CBCF /* icon_add_contact.png */,
				C295E6A716B036240049CBCF /* icon_add_contact@2x.png */,
				C295E6A816B036240049CBCF /* icon_back.png */,
				C295E6A916B036240049CBCF /* icon_back@2x.png */,
				C295E6AA16B036240049CBCF /* icon_dislike.png */,
				C295E6AB16B036240049CBCF /* icon_dislike@2x.png */,
				C295E6AC16B036240049CBCF /* icon_email.png */,
				C295E6AD16B036240049CBCF /* icon_email@2x.png */,
				C295E6AE16B036240049CBCF /* icon_like.png */,
				C295E6AF16B036240049CBCF /* icon_like@2x.png */,
				C295E6B016B036240049CBCF /* icon_profile.png */,
				C295E6B116B036240049CBCF /* icon_profile@2x.png */,
				C295E6B216B036240049CBCF /* icon_sms.png */,
				C295E6B316B036240049CBCF /* icon_sms@2x.png */,
				C295E6B416B036240049CBCF /* icon_star.png */,
				C295E6B516B036240049CBCF /* icon_star@2x.png */,
				8D4015AD16AE756D00C4F95D /* icon_contacts_selected.png */,
				8D4015AE16AE756D00C4F95D /* icon_contacts_selected@2x.png */,
				8D4015AF16AE756D00C4F95D /* icon_info_selected.png */,
				8D4015B016AE756D00C4F95D /* icon_info_selected@2x.png */,
				8D9473FA16AE39600005F25D /* middle_button.png */,
				8D9473FB16AE39600005F25D /* middle_button@2x.png */,
				8D9473F216AE20FE0005F25D /* icon_contacts.png */,
				8D9473F316AE20FE0005F25D /* icon_contacts@2x.png */,
				8D9473F416AE20FE0005F25D /* icon_info.png */,
				8D9473F516AE20FE0005F25D /* icon_info@2x.png */,
				8D40159A16AE464800C4F95D /* METabBarView.xib */,
			);
			name = Resource;
			sourceTree = "<group>";
		};
/* End PBXGroup section */

/* Begin PBXNativeTarget section */
		8D94735E16ACE0B40005F25D /* MiniEvaluationApp */ = {
			isa = PBXNativeTarget;
			buildConfigurationList = 8D94739116ACE0B50005F25D /* Build configuration list for PBXNativeTarget "MiniEvaluationApp" */;
			buildPhases = (
				8D94735B16ACE0B40005F25D /* Sources */,
				8D94735C16ACE0B40005F25D /* Frameworks */,
				8D94735D16ACE0B40005F25D /* Resources */,
			);
			buildRules = (
			);
			dependencies = (
			);
			name = MiniEvaluationApp;
			productName = MiniEvaluationApp;
			productReference = 8D94735F16ACE0B40005F25D /* MiniEvaluationApp.app */;
			productType = "com.apple.product-type.application";
		};
/* End PBXNativeTarget section */

/* Begin PBXProject section */
		8D94735616ACE0B40005F25D /* Project object */ = {
			isa = PBXProject;
			attributes = {
				CLASSPREFIX = ME;
				LastUpgradeCheck = 0450;
				ORGANIZATIONNAME = 2359media;
			};
			buildConfigurationList = 8D94735916ACE0B40005F25D /* Build configuration list for PBXProject "MiniEvaluationApp" */;
			compatibilityVersion = "Xcode 3.2";
			developmentRegion = English;
			hasScannedForEncodings = 0;
			knownRegions = (
				en,
			);
			mainGroup = 8D94735416ACE0B40005F25D;
			productRefGroup = 8D94736016ACE0B40005F25D /* Products */;
			projectDirPath = "";
			projectRoot = "";
			targets = (
				8D94735E16ACE0B40005F25D /* MiniEvaluationApp */,
			);
		};
/* End PBXProject section */

/* Begin PBXResourcesBuildPhase section */
		8D94735D16ACE0B40005F25D /* Resources */ = {
			isa = PBXResourcesBuildPhase;
			buildActionMask = 2147483647;
			files = (
				8D94736E16ACE0B40005F25D /* InfoPlist.strings in Resources */,
				8D94737616ACE0B50005F25D /* Default.png in Resources */,
				8D94737816ACE0B50005F25D /* Default@2x.png in Resources */,
				8D94737A16ACE0B50005F25D /* Default-568h@2x.png in Resources */,
				8D94737D16ACE0B50005F25D /* MainStoryboard_iPhone.storyboard in Resources */,
				8D94738016ACE0B50005F25D /* MainStoryboard_iPad.storyboard in Resources */,
				8D9473F616AE20FE0005F25D /* icon_contacts.png in Resources */,
				8D9473F716AE20FE0005F25D /* icon_contacts@2x.png in Resources */,
				8D9473F816AE20FE0005F25D /* icon_info.png in Resources */,
				8D9473F916AE20FE0005F25D /* icon_info@2x.png in Resources */,
				8D9473FC16AE39600005F25D /* middle_button.png in Resources */,
				8D9473FD16AE39600005F25D /* middle_button@2x.png in Resources */,
				8D40159B16AE464800C4F95D /* METabBarView.xib in Resources */,
				8D4015B116AE756D00C4F95D /* icon_contacts_selected.png in Resources */,
				8D4015B216AE756D00C4F95D /* icon_contacts_selected@2x.png in Resources */,
				8D4015B316AE756D00C4F95D /* icon_info_selected.png in Resources */,
				8D4015B416AE756D00C4F95D /* icon_info_selected@2x.png in Resources */,
				C295E6B616B036240049CBCF /* icon_add_contact.png in Resources */,
				C295E6B716B036240049CBCF /* icon_add_contact@2x.png in Resources */,
				C295E6B816B036240049CBCF /* icon_back.png in Resources */,
				C295E6B916B036240049CBCF /* icon_back@2x.png in Resources */,
				C295E6BA16B036240049CBCF /* icon_dislike.png in Resources */,
				C295E6BB16B036240049CBCF /* icon_dislike@2x.png in Resources */,
				C295E6BC16B036240049CBCF /* icon_email.png in Resources */,
				C295E6BD16B036240049CBCF /* icon_email@2x.png in Resources */,
				C295E6BE16B036240049CBCF /* icon_like.png in Resources */,
				C295E6BF16B036240049CBCF /* icon_like@2x.png in Resources */,
				C295E6C016B036240049CBCF /* icon_profile.png in Resources */,
				C295E6C116B036240049CBCF /* icon_profile@2x.png in Resources */,
				C295E6C216B036240049CBCF /* icon_sms.png in Resources */,
				C295E6C316B036240049CBCF /* icon_sms@2x.png in Resources */,
				C295E6C416B036240049CBCF /* icon_star.png in Resources */,
				C295E6C516B036240049CBCF /* icon_star@2x.png in Resources */,
			);
			runOnlyForDeploymentPostprocessing = 0;
		};
/* End PBXResourcesBuildPhase section */

/* Begin PBXSourcesBuildPhase section */
		8D94735B16ACE0B40005F25D /* Sources */ = {
			isa = PBXSourcesBuildPhase;
			buildActionMask = 2147483647;
			files = (
				8D9473D116ACF0960005F25D /* JSONKit.m in Sources */,
				8D94737016ACE0B50005F25D /* main.m in Sources */,
				8D94737416ACE0B50005F25D /* MEAppDelegate.m in Sources */,
				8D94738A16ACE0B50005F25D /* MEStaffViewController.m in Sources */,
				8D9473AC16ACE1550005F25D /* AFHTTPClient.m in Sources */,
				8D9473AD16ACE1550005F25D /* AFHTTPRequestOperation.m in Sources */,
				8D9473AE16ACE1550005F25D /* AFImageRequestOperation.m in Sources */,
				8D9473AF16ACE1550005F25D /* AFJSONRequestOperation.m in Sources */,
				8D9473B016ACE1550005F25D /* AFNetworkActivityIndicatorManager.m in Sources */,
				8D9473B116ACE1550005F25D /* AFPropertyListRequestOperation.m in Sources */,
				8D9473B216ACE1550005F25D /* AFURLConnectionOperation.m in Sources */,
				8D9473B316ACE1550005F25D /* AFXMLRequestOperation.m in Sources */,
				8D9473B416ACE1550005F25D /* UIImageView+AFNetworking.m in Sources */,
				8D9473B716ACE17A0005F25D /* MEEmployee.m in Sources */,
				8D9473C416ACE5350005F25D /* MEStaffAPIClient.m in Sources */,
				8D9473CA16ACE63F0005F25D /* MEConstants.m in Sources */,
				8D9473D716ACF7A70005F25D /* MEStaffDetailViewController.m in Sources */,
				8D9473E316AD011C0005F25D /* MELeftImageSubtitleListCell.m in Sources */,
				8D9473F116AD2D190005F25D /* MECompanyViewController.m in Sources */,
				8D94740016AE3BAA0005F25D /* METabBarController.m in Sources */,
				8D40159E16AE468500C4F95D /* METabBarView.m in Sources */,
				8D4015C316AE823800C4F95D /* UIScrollView+SVInfiniteScrolling.m in Sources */,
				8D4015C416AE823800C4F95D /* UIScrollView+SVPullToRefresh.m in Sources */,
				C295E6C916B0364E0049CBCF /* MELeftImageRightDetailCell.m in Sources */,
			);
			runOnlyForDeploymentPostprocessing = 0;
		};
/* End PBXSourcesBuildPhase section */

/* Begin PBXVariantGroup section */
		8D94736C16ACE0B40005F25D /* InfoPlist.strings */ = {
			isa = PBXVariantGroup;
			children = (
				8D94736D16ACE0B40005F25D /* en */,
			);
			name = InfoPlist.strings;
			sourceTree = "<group>";
		};
		8D94737B16ACE0B50005F25D /* MainStoryboard_iPhone.storyboard */ = {
			isa = PBXVariantGroup;
			children = (
				8D94737C16ACE0B50005F25D /* en */,
			);
			name = MainStoryboard_iPhone.storyboard;
			sourceTree = "<group>";
		};
		8D94737E16ACE0B50005F25D /* MainStoryboard_iPad.storyboard */ = {
			isa = PBXVariantGroup;
			children = (
				8D94737F16ACE0B50005F25D /* en */,
			);
			name = MainStoryboard_iPad.storyboard;
			sourceTree = "<group>";
		};
/* End PBXVariantGroup section */

/* Begin XCBuildConfiguration section */
		8D94738F16ACE0B50005F25D /* Debug */ = {
			isa = XCBuildConfiguration;
			buildSettings = {
				ALWAYS_SEARCH_USER_PATHS = NO;
				CLANG_CXX_LANGUAGE_STANDARD = "gnu++0x";
				CLANG_CXX_LIBRARY = "libc++";
				CLANG_ENABLE_OBJC_ARC = YES;
				CLANG_WARN_EMPTY_BODY = YES;
				CLANG_WARN__DUPLICATE_METHOD_MATCH = YES;
				"CODE_SIGN_IDENTITY[sdk=iphoneos*]" = "iPhone Developer";
				COPY_PHASE_STRIP = NO;
				GCC_C_LANGUAGE_STANDARD = gnu99;
				GCC_DYNAMIC_NO_PIC = NO;
				GCC_OPTIMIZATION_LEVEL = 0;
				GCC_PREPROCESSOR_DEFINITIONS = (
					"DEBUG=1",
					"$(inherited)",
				);
				GCC_SYMBOLS_PRIVATE_EXTERN = NO;
				GCC_WARN_ABOUT_RETURN_TYPE = YES;
				GCC_WARN_UNINITIALIZED_AUTOS = YES;
				GCC_WARN_UNUSED_VARIABLE = YES;
				IPHONEOS_DEPLOYMENT_TARGET = 6.0;
				ONLY_ACTIVE_ARCH = YES;
				SDKROOT = iphoneos;
				TARGETED_DEVICE_FAMILY = "1,2";
			};
			name = Debug;
		};
		8D94739016ACE0B50005F25D /* Release */ = {
			isa = XCBuildConfiguration;
			buildSettings = {
				ALWAYS_SEARCH_USER_PATHS = NO;
				CLANG_CXX_LANGUAGE_STANDARD = "gnu++0x";
				CLANG_CXX_LIBRARY = "libc++";
				CLANG_ENABLE_OBJC_ARC = YES;
				CLANG_WARN_EMPTY_BODY = YES;
				CLANG_WARN__DUPLICATE_METHOD_MATCH = YES;
				"CODE_SIGN_IDENTITY[sdk=iphoneos*]" = "iPhone Developer";
				COPY_PHASE_STRIP = YES;
				GCC_C_LANGUAGE_STANDARD = gnu99;
				GCC_WARN_ABOUT_RETURN_TYPE = YES;
				GCC_WARN_UNINITIALIZED_AUTOS = YES;
				GCC_WARN_UNUSED_VARIABLE = YES;
				IPHONEOS_DEPLOYMENT_TARGET = 6.0;
				OTHER_CFLAGS = "-DNS_BLOCK_ASSERTIONS=1";
				SDKROOT = iphoneos;
				TARGETED_DEVICE_FAMILY = "1,2";
				VALIDATE_PRODUCT = YES;
			};
			name = Release;
		};
		8D94739216ACE0B50005F25D /* Debug */ = {
			isa = XCBuildConfiguration;
			buildSettings = {
				GCC_PRECOMPILE_PREFIX_HEADER = YES;
				GCC_PREFIX_HEADER = "MiniEvaluationApp/MiniEvaluationApp-Prefix.pch";
				INFOPLIST_FILE = "MiniEvaluationApp/MiniEvaluationApp-Info.plist";
				PRODUCT_NAME = "$(TARGET_NAME)";
				WRAPPER_EXTENSION = app;
			};
			name = Debug;
		};
		8D94739316ACE0B50005F25D /* Release */ = {
			isa = XCBuildConfiguration;
			buildSettings = {
				GCC_PRECOMPILE_PREFIX_HEADER = YES;
				GCC_PREFIX_HEADER = "MiniEvaluationApp/MiniEvaluationApp-Prefix.pch";
				INFOPLIST_FILE = "MiniEvaluationApp/MiniEvaluationApp-Info.plist";
				PRODUCT_NAME = "$(TARGET_NAME)";
				WRAPPER_EXTENSION = app;
			};
			name = Release;
		};
/* End XCBuildConfiguration section */

/* Begin XCConfigurationList section */
		8D94735916ACE0B40005F25D /* Build configuration list for PBXProject "MiniEvaluationApp" */ = {
			isa = XCConfigurationList;
			buildConfigurations = (
				8D94738F16ACE0B50005F25D /* Debug */,
				8D94739016ACE0B50005F25D /* Release */,
			);
			defaultConfigurationIsVisible = 0;
			defaultConfigurationName = Release;
		};
		8D94739116ACE0B50005F25D /* Build configuration list for PBXNativeTarget "MiniEvaluationApp" */ = {
			isa = XCConfigurationList;
			buildConfigurations = (
				8D94739216ACE0B50005F25D /* Debug */,
				8D94739316ACE0B50005F25D /* Release */,
			);
			defaultConfigurationIsVisible = 0;
			defaultConfigurationName = Release;
		};
/* End XCConfigurationList section */
	};
	rootObject = 8D94735616ACE0B40005F25D /* Project object */;
}
